
Microsoft Visual Studio Solution File, Format Version 12.00
# Visual Studio 2013
VisualStudioVersion = 12.0.21005.1
MinimumVisualStudioVersion = 10.0.40219.1
Project("{FAE04EC0-301F-11D3-BF4B-00C04F79EFBC}") = "SinglePageApplication.Web", "SinglePageApplication.Web\SinglePageApplication.Web.csproj", "{A2F6C939-25B4-469D-A289-D6080EA2C595}"
EndProject
Project("{2150E333-8FDC-42A3-9474-1A3956D46DE8}") = ".nuget", ".nuget", "{AA50FE0E-CA09-444A-A450-2C404B60C452}"
	ProjectSection(SolutionItems) = preProject
		.nuget\NuGet.Config = .nuget\NuGet.Config
		.nuget\NuGet.exe = .nuget\NuGet.exe
		.nuget\NuGet.targets = .nuget\NuGet.targets
	EndProjectSection
EndProject
Global
	GlobalSection(SolutionConfigurationPlatforms) = preSolution
		Debug|Any CPU = Debug|Any CPU
		Release|Any CPU = Release|Any CPU
	EndGlobalSection
	GlobalSection(ProjectConfigurationPlatforms) = postSolution
		{A2F6C939-25B4-469D-A289-D6080EA2C595}.Debug|Any CPU.ActiveCfg = Debug|Any CPU
		{A2F6C939-25B4-469D-A289-D6080EA2C595}.Debug|Any CPU.Build.0 = Debug|Any CPU
		{A2F6C939-25B4-469D-A289-D6080EA2C595}.Release|Any CPU.ActiveCfg = Release|Any CPU
		{A2F6C939-25B4-469D-A289-D6080EA2C595}.Release|Any CPU.Build.0 = Release|Any CPU
	EndGlobalSection
	GlobalSection(SolutionProperties) = preSolution
		HideSolutionNode = FALSE
	EndGlobalSection
EndGlobal
